
Microsoft Visual Studio Solution File, Format Version 12.00
# Visual Studio 15
VisualStudioVersion = 15.0.27703.2000
MinimumVisualStudioVersion = 10.0.40219.1
Project("{FAE04EC0-301F-11D3-BF4B-00C04F79EFBC}") = "MqttTestClient", "MqttClient\MqttTestClient.csproj", "{76CF84EE-2A76-4380-97AB-A2E47E3CD181}"
EndProject
Project("{FAE04EC0-301F-11D3-BF4B-00C04F79EFBC}") = "MqttTestServer", "MqttServer\MqttTestServer.csproj", "{AC24FD66-0EE0-4AE2-B3CE-121EDA30D6D8}"
EndProject
Project("{FAE04EC0-301F-11D3-BF4B-00C04F79EFBC}") = "Common", "Common\Common.csproj", "{EA302B11-FB8C-4975-9B47-55C8B39BA488}"
EndProject
Global
	GlobalSection(SolutionConfigurationPlatforms) = preSolution
		Debug|Any CPU = Debug|Any CPU
		Debug|x64 = Debug|x64
		Debug|x86 = Debug|x86
		Release|Any CPU = Release|Any CPU
		Release|x64 = Release|x64
		Release|x86 = Release|x86
	EndGlobalSection
	GlobalSection(ProjectConfigurationPlatforms) = postSolution
		{76CF84EE-2A76-4380-97AB-A2E47E3CD181}.Debug|Any CPU.ActiveCfg = Debug|Any CPU
		{76CF84EE-2A76-4380-97AB-A2E47E3CD181}.Debug|Any CPU.Build.0 = Debug|Any CPU
		{76CF84EE-2A76-4380-97AB-A2E47E3CD181}.Debug|x64.ActiveCfg = Debug|Any CPU
		{76CF84EE-2A76-4380-97AB-A2E47E3CD181}.Debug|x64.Build.0 = Debug|Any CPU
		{76CF84EE-2A76-4380-97AB-A2E47E3CD181}.Debug|x86.ActiveCfg = Debug|Any CPU
		{76CF84EE-2A76-4380-97AB-A2E47E3CD181}.Debug|x86.Build.0 = Debug|Any CPU
		{76CF84EE-2A76-4380-97AB-A2E47E3CD181}.Release|Any CPU.ActiveCfg = Release|Any CPU
		{76CF84EE-2A76-4380-97AB-A2E47E3CD181}.Release|Any CPU.Build.0 = Release|Any CPU
		{76CF84EE-2A76-4380-97AB-A2E47E3CD181}.Release|x64.ActiveCfg = Release|Any CPU
		{76CF84EE-2A76-4380-97AB-A2E47E3CD181}.Release|x64.Build.0 = Release|Any CPU
		{76CF84EE-2A76-4380-97AB-A2E47E3CD181}.Release|x86.ActiveCfg = Release|Any CPU
		{76CF84EE-2A76-4380-97AB-A2E47E3CD181}.Release|x86.Build.0 = Release|Any CPU
		{AC24FD66-0EE0-4AE2-B3CE-121EDA30D6D8}.Debug|Any CPU.ActiveCfg = Debug|Any CPU
		{AC24FD66-0EE0-4AE2-B3CE-121EDA30D6D8}.Debug|Any CPU.Build.0 = Debug|Any CPU
		{AC24FD66-0EE0-4AE2-B3CE-121EDA30D6D8}.Debug|x64.ActiveCfg = Debug|Any CPU
		{AC24FD66-0EE0-4AE2-B3CE-121EDA30D6D8}.Debug|x64.Build.0 = Debug|Any CPU
		{AC24FD66-0EE0-4AE2-B3CE-121EDA30D6D8}.Debug|x86.ActiveCfg = Debug|Any CPU
		{AC24FD66-0EE0-4AE2-B3CE-121EDA30D6D8}.Debug|x86.Build.0 = Debug|Any CPU
		{AC24FD66-0EE0-4AE2-B3CE-121EDA30D6D8}.Release|Any CPU.ActiveCfg = Release|Any CPU
		{AC24FD66-0EE0-4AE2-B3CE-121EDA30D6D8}.Release|Any CPU.Build.0 = Release|Any CPU
		{AC24FD66-0EE0-4AE2-B3CE-121EDA30D6D8}.Release|x64.ActiveCfg = Release|Any CPU
		{AC24FD66-0EE0-4AE2-B3CE-121EDA30D6D8}.Release|x64.Build.0 = Release|Any CPU
		{AC24FD66-0EE0-4AE2-B3CE-121EDA30D6D8}.Release|x86.ActiveCfg = Release|Any CPU
		{AC24FD66-0EE0-4AE2-B3CE-121EDA30D6D8}.Release|x86.Build.0 = Release|Any CPU
		{EA302B11-FB8C-4975-9B47-55C8B39BA488}.Debug|Any CPU.ActiveCfg = Debug|Any CPU
		{EA302B11-FB8C-4975-9B47-55C8B39BA488}.Debug|Any CPU.Build.0 = Debug|Any CPU
		{EA302B11-FB8C-4975-9B47-55C8B39BA488}.Debug|x64.ActiveCfg = Debug|Any CPU
		{EA302B11-FB8C-4975-9B47-55C8B39BA488}.Debug|x64.Build.0 = Debug|Any CPU
		{EA302B11-FB8C-4975-9B47-55C8B39BA488}.Debug|x86.ActiveCfg = Debug|Any CPU
		{EA302B11-FB8C-4975-9B47-55C8B39BA488}.Debug|x86.Build.0 = Debug|Any CPU
		{EA302B11-FB8C-4975-9B47-55C8B39BA488}.Release|Any CPU.ActiveCfg = Release|Any CPU
		{EA302B11-FB8C-4975-9B47-55C8B39BA488}.Release|Any CPU.Build.0 = Release|Any CPU
		{EA302B11-FB8C-4975-9B47-55C8B39BA488}.Release|x64.ActiveCfg = Release|Any CPU
		{EA302B11-FB8C-4975-9B47-55C8B39BA488}.Release|x64.Build.0 = Release|Any CPU
		{EA302B11-FB8C-4975-9B47-55C8B39BA488}.Release|x86.ActiveCfg = Release|Any CPU
		{EA302B11-FB8C-4975-9B47-55C8B39BA488}.Release|x86.Build.0 = Release|Any CPU
	EndGlobalSection
	GlobalSection(SolutionProperties) = preSolution
		HideSolutionNode = FALSE
	EndGlobalSection
	GlobalSection(ExtensibilityGlobals) = postSolution
		SolutionGuid = {C16F76F5-881B-4FA2-B65F-5C5AB0474FA8}
	EndGlobalSection
EndGlobal
